{
  "name": "react-firebase",
  "version": "1.0.0",
  "lockfileVersion": 1,
  "requires": true,
  "dependencies": {
    "@firebase/app": {
      "version": "0.3.0",
      "resolved": "https://registry.npmjs.org/@firebase/app/-/app-0.3.0.tgz",
      "integrity": "sha512-pLWiXaqCBxIzfd5xQHvLHx1uXpeMbfK84m6NzkTCb/cVRJzJrzYeNqCd3JAfVXhos9+0BTJOgjoLX8F4jyL0RQ==",
      "dev": true,
      "requires": {
        "@firebase/app-types": "0.3.0",
        "@firebase/util": "0.2.0",
        "tslib": "1.9.0"
      }
    },
    "@firebase/app-types": {
      "version": "0.3.0",
      "resolved": "https://registry.npmjs.org/@firebase/app-types/-/app-types-0.3.0.tgz",
      "integrity": "sha512-OL+Li8CAolHskKawqRZ/dLctUFinqeBa8UTtGnCHNnZG8HXOEdH+NPURlI8XFOktPXPrF+uA+R1GbZPDPDygOg==",
      "dev": true
    },
    "@firebase/auth": {
      "version": "0.5.1",
      "resolved": "https://registry.npmjs.org/@firebase/auth/-/auth-0.5.1.tgz",
      "integrity": "sha512-YTzK9ik27pfylfWuDFb9W6k6jajvn1NVmr+FXmXNY5OG2x1bRacD3mphSxVoNTdYpU1x85CBmWR/o9q7QeavSA==",
      "dev": true,
      "requires": {
        "@firebase/auth-types": "0.3.1"
      }
    },
    "@firebase/auth-types": {
      "version": "0.3.1",
      "resolved": "https://registry.npmjs.org/@firebase/auth-types/-/auth-types-0.3.1.tgz",
      "integrity": "sha512-RGYhTsmetjlg4878X7RnzkXalxIki3pEKdro6yp1RI31IB4g6YTY2vFJ4SxV6WSgUTx8+IUZxvm7WZq/mzLzwg==",
      "dev": true
    },
    "@firebase/database": {
      "version": "0.3.0",
      "resolved": "https://registry.npmjs.org/@firebase/database/-/database-0.3.0.tgz",
      "integrity": "sha512-oB0Ch+qzFh3Yw4IsBgFV0aT/d0Sw1z+Jt9NEj7tTzNhyKauaOfJ0C31KfPtXm5Uo2ZbC/x+Z6YyD+8aHkRSXDw==",
      "dev": true,
      "requires": {
        "@firebase/database-types": "0.3.0",
        "@firebase/logger": "0.1.1",
        "@firebase/util": "0.2.0",
        "faye-websocket": "0.11.1",
        "tslib": "1.9.0"
      }
    },
    "@firebase/database-types": {
      "version": "0.3.0",
      "resolved": "https://registry.npmjs.org/@firebase/database-types/-/database-types-0.3.0.tgz",
      "integrity": "sha512-Tb2JAKsRKwI/rrxaWKxXVEVH+Z1GRvM7vwfD1DIm84RNDdy9deETZUri/jSkCfXlou7vwLJ5inoAI0Zhd8e3EA==",
      "dev": true
    },
    "@firebase/firestore": {
      "version": "0.5.1",
      "resolved": "https://registry.npmjs.org/@firebase/firestore/-/firestore-0.5.1.tgz",
      "integrity": "sha512-sb83A36DWcB5m/mqvT9URfcznp5k65G5bsMM0lNsg9nQhhJUVBnz2fouA/u9sST2ZOhaVpa0F78O9dzsExfpaQ==",
      "dev": true,
      "requires": {
        "@firebase/firestore-types": "0.4.0",
        "@firebase/logger": "0.1.1",
        "@firebase/webchannel-wrapper": "0.2.8",
        "grpc": "1.10.1",
        "tslib": "1.9.0"
      }
    },
    "@firebase/firestore-types": {
      "version": "0.4.0",
      "resolved": "https://registry.npmjs.org/@firebase/firestore-types/-/firestore-types-0.4.0.tgz",
      "integrity": "sha512-K3DWTemI3ZCeabwS/5e97Ui41F7B5+v8TgcaC+YNkUYGAYalZgzCH7hk/gqJmkDhXs8bm7vhi5qakzDY9TrHFw==",
      "dev": true
    },
    "@firebase/functions": {
      "version": "0.2.1",
      "resolved": "https://registry.npmjs.org/@firebase/functions/-/functions-0.2.1.tgz",
      "integrity": "sha512-Fbbco/9aD/XZHecMN0NZDSuCEZ+ZLVsdquoUJvrWX209w4tRDRZw0+HYwHVgzNrIw9XAJBrtt4Tibjw8JSDM+g==",
      "dev": true,
      "requires": {
        "@firebase/functions-types": "0.1.1",
        "@firebase/messaging-types": "0.2.1",
        "isomorphic-fetch": "2.2.1"
      }
    },
    "@firebase/functions-types": {
      "version": "0.1.1",
      "resolved": "https://registry.npmjs.org/@firebase/functions-types/-/functions-types-0.1.1.tgz",
      "integrity": "sha512-DMCQAuSafYChef2Wa4yYNPeToEDggnlaUHvseKxPzUwOVVmPdr9dxmqQW+UKeGYeUHfiTWFzvsrk8u1ifyvTZA==",
      "dev": true
    },
    "@firebase/logger": {
      "version": "0.1.1",
      "resolved": "https://registry.npmjs.org/@firebase/logger/-/logger-0.1.1.tgz",
      "integrity": "sha512-5jn3HHbEfdOwychyIEIkP1cik+MW/vvoOavTOzwDkH+fv6Bx+HBUOzh09M7sCYzXFtKzjbUax9+g39mJNBLklQ==",
      "dev": true
    },
    "@firebase/messaging": {
      "version": "0.3.1",
      "resolved": "https://registry.npmjs.org/@firebase/messaging/-/messaging-0.3.1.tgz",
      "integrity": "sha512-+vHLmblSPQcnkrWSw/YQezgKWCt7C7RpG5zzjDZBOf72//8yJKwfKfhnhrYpGScxNw2ZT0G6OUpFoKDCQuScbg==",
      "dev": true,
      "requires": {
        "@firebase/messaging-types": "0.2.1",
        "@firebase/util": "0.2.0",
        "tslib": "1.9.0"
      }
    },
    "@firebase/messaging-types": {
      "version": "0.2.1",
      "resolved": "https://registry.npmjs.org/@firebase/messaging-types/-/messaging-types-0.2.1.tgz",
      "integrity": "sha512-8Dm6kyOkfRN8nGSuLfEi9jnj2Q5/kLijJPAL6vHp0/jzGajzn1ijq/TylK+pE0Tpva1IJpM51NrSRv/F7KmsXA==",
      "dev": true
    },
    "@firebase/polyfill": {
      "version": "0.3.1",
      "resolved": "https://registry.npmjs.org/@firebase/polyfill/-/polyfill-0.3.1.tgz",
      "integrity": "sha512-TkmIU4OZeE+rZoQFvq9qYsHv3IYeWahvPUTknUiqN14XJ1777ZEZ+oHBM116/R/Ej3kA5EZxhahqlRHOOD/Dwg==",
      "dev": true,
      "requires": {
        "core-js": "2.5.5",
        "promise-polyfill": "7.1.2",
        "whatwg-fetch": "2.0.4"
      },
      "dependencies": {
        "core-js": {
          "version": "2.5.5",
          "resolved": "https://registry.npmjs.org/core-js/-/core-js-2.5.5.tgz",
          "integrity": "sha1-sU3ek2xkDAV5prUMq8wTLdYSfjs=",
          "dev": true
        }
      }
    },
    "@firebase/storage": {
      "version": "0.2.1",
      "resolved": "https://registry.npmjs.org/@firebase/storage/-/storage-0.2.1.tgz",
      "integrity": "sha512-IOTajzfqEXbWaP+BvwaafPndUPFbIknX0cYa9/IU3RuGh6WHMf+j6+P8gidrcRq5zyrL9nWLXTKhYvpzS/N5Uw==",
      "dev": true,
      "requires": {
        "@firebase/storage-types": "0.2.1",
        "tslib": "1.9.0"
      }
    },
    "@firebase/storage-types": {
      "version": "0.2.1",
      "resolved": "https://registry.npmjs.org/@firebase/storage-types/-/storage-types-0.2.1.tgz",
      "integrity": "sha512-Jw4WfP6y+u6BNfP2U9ROv5YakUtoDoiFQVc5C8JMfduB1JmtlW9rfSIliOVeNWLUne01bUjY43dwirN0IjjgJA==",
      "dev": true
    },
    "@firebase/util": {
      "version": "0.2.0",
      "resolved": "https://registry.npmjs.org/@firebase/util/-/util-0.2.0.tgz",
      "integrity": "sha512-21u60xY4ek8qmhai1s3dQM3Y+elfuIScLGz0dEthNYhiqjYOeFHs+I8MOP8cgtGBX2vYVA1OeEMwhb1mKefFlA==",
      "dev": true,
      "requires": {
        "tslib": "1.9.0"
      }
    },
    "@firebase/webchannel-wrapper": {
      "version": "0.2.8",
      "resolved": "https://registry.npmjs.org/@firebase/webchannel-wrapper/-/webchannel-wrapper-0.2.8.tgz",
      "integrity": "sha512-ToJbeJnxDc3O325FvcKVb3yHO1hvgHjCFvhKol6Z17GiB7vL104POjFQT4RnlLiAGSRCBAMxinDec9y9vQYdyg==",
      "dev": true
    },
    "@types/node": {
      "version": "10.0.6",
      "resolved": "https://registry.npmjs.org/@types/node/-/node-10.0.6.tgz",
      "integrity": "sha512-2whhQUfDHRBiZ3L54Ulyl1X+fZWbWabxPYRDAsibgOAtE6adwusD15Xv0Bw/D7cPah35Z/wKTdW3iAKsevw1uw==",
      "dev": true
    },
    "@types/react": {
      "version": "16.3.14",
      "resolved": "https://registry.npmjs.org/@types/react/-/react-16.3.14.tgz",
      "integrity": "sha512-wNUGm49fPl7eE2fnYdF0v5vSOrUMdKMQD/4NwtQRnb6mnPwtkhabmuFz37eq90+hhyfz0pWd38jkZHOcaZ6LGw==",
      "dev": true,
      "requires": {
        "csstype": "2.4.2"
      }
    },
    "@types/react-dom": {
      "version": "16.0.5",
      "resolved": "https://registry.npmjs.org/@types/react-dom/-/react-dom-16.0.5.tgz",
      "integrity": "sha512-ony2hEYlGXCLWNAWWgbsHR7qVvDbeMRFc5b43+7dhj3n+zXzxz81HV9Yjpc3JD8vLCiwYoSLqFCI6bD0+0zG2Q==",
      "dev": true,
      "requires": {
        "@types/node": "10.0.6",
        "@types/react": "16.3.14"
      }
    },
    "ansi-regex": {
      "version": "2.1.1",
      "resolved": "https://registry.npmjs.org/ansi-regex/-/ansi-regex-2.1.1.tgz",
      "integrity": "sha1-w7M6te42DYbg5ijwRorn7yfWVN8=",
      "dev": true
    },
    "asap": {
      "version": "2.0.6",
      "resolved": "https://registry.npmjs.org/asap/-/asap-2.0.6.tgz",
      "integrity": "sha1-5QNHYR1+aQlDIIu9r+vLwvuGbUY=",
      "dev": true
    },
    "ascli": {
      "version": "1.0.1",
      "resolved": "https://registry.npmjs.org/ascli/-/ascli-1.0.1.tgz",
      "integrity": "sha1-vPpZdKYvGOgcq660lzKrSoj5Brw=",
      "dev": true,
      "requires": {
        "colour": "0.7.1",
        "optjs": "3.2.2"
      }
    },
    "balanced-match": {
      "version": "1.0.0",
      "resolved": "https://registry.npmjs.org/balanced-match/-/balanced-match-1.0.0.tgz",
      "integrity": "sha1-ibTRmasr7kneFk6gK4nORi1xt2c=",
      "dev": true
    },
    "brace-expansion": {
      "version": "1.1.11",
      "resolved": "https://registry.npmjs.org/brace-expansion/-/brace-expansion-1.1.11.tgz",
      "integrity": "sha512-iCuPHDFgrHX7H2vEI/5xpz07zSHB00TpugqhmYtVmMO6518mCuRMoOYFldEBl0g187ufozdaHgWKcYFb61qGiA==",
      "dev": true,
      "requires": {
        "balanced-match": "1.0.0",
        "concat-map": "0.0.1"
      }
    },
    "bytebuffer": {
      "version": "5.0.1",
      "resolved": "https://registry.npmjs.org/bytebuffer/-/bytebuffer-5.0.1.tgz",
      "integrity": "sha1-WC7qSxqHO20CCkjVjfhfC7ps/d0=",
      "dev": true,
      "requires": {
        "long": "3.2.0"
      }
    },
    "camelcase": {
      "version": "2.1.1",
      "resolved": "https://registry.npmjs.org/camelcase/-/camelcase-2.1.1.tgz",
      "integrity": "sha1-fB0W1nmhu+WcoCys7PsBHiAfWh8=",
      "dev": true
    },
    "cliui": {
      "version": "3.2.0",
      "resolved": "https://registry.npmjs.org/cliui/-/cliui-3.2.0.tgz",
      "integrity": "sha1-EgYBU3qRbSmUD5NNo7SNWFo5IT0=",
      "dev": true,
      "requires": {
        "string-width": "1.0.2",
        "strip-ansi": "3.0.1",
        "wrap-ansi": "2.1.0"
      }
    },
    "code-point-at": {
      "version": "1.1.0",
      "resolved": "https://registry.npmjs.org/code-point-at/-/code-point-at-1.1.0.tgz",
      "integrity": "sha1-DQcLTQQ6W+ozovGkDi7bPZpMz3c=",
      "dev": true
    },
    "colour": {
      "version": "0.7.1",
      "resolved": "https://registry.npmjs.org/colour/-/colour-0.7.1.tgz",
      "integrity": "sha1-nLFpkX7F0SwHNtPoaFdG3xyt93g=",
      "dev": true
    },
    "concat-map": {
      "version": "0.0.1",
      "resolved": "https://registry.npmjs.org/concat-map/-/concat-map-0.0.1.tgz",
      "integrity": "sha1-2Klr13/Wjfd5OnMDajug1UBdR3s=",
      "dev": true
    },
    "core-js": {
      "version": "1.2.7",
      "resolved": "https://registry.npmjs.org/core-js/-/core-js-1.2.7.tgz",
      "integrity": "sha1-ZSKUwUZR2yj6k70tX/KYOk8IxjY=",
      "dev": true
    },
    "csstype": {
      "version": "2.4.2",
      "resolved": "https://registry.npmjs.org/csstype/-/csstype-2.4.2.tgz",
      "integrity": "sha512-1TnkyZwDy0oUl//6685j2bTMNe61SzntWntijNdmmEzvpYbGmVMZkj204gv4glcQp6z/ypg+YRziT91XVFmOyg==",
      "dev": true
    },
    "decamelize": {
      "version": "1.2.0",
      "resolved": "https://registry.npmjs.org/decamelize/-/decamelize-1.2.0.tgz",
      "integrity": "sha1-9lNNFRSCabIDUue+4m9QH5oZEpA=",
      "dev": true
    },
    "dom-storage": {
      "version": "2.1.0",
      "resolved": "https://registry.npmjs.org/dom-storage/-/dom-storage-2.1.0.tgz",
      "integrity": "sha512-g6RpyWXzl0RR6OTElHKBl7nwnK87GUyZMYC7JWsB/IA73vpqK2K6LT39x4VepLxlSsWBFrPVLnsSR5Jyty0+2Q==",
      "dev": true
    },
    "encoding": {
      "version": "0.1.12",
      "resolved": "https://registry.npmjs.org/encoding/-/encoding-0.1.12.tgz",
      "integrity": "sha1-U4tm8+5izRq1HsMjgp0flIDHS+s=",
      "dev": true,
      "requires": {
        "iconv-lite": "0.4.23"
      }
    },
    "faye-websocket": {
      "version": "0.11.1",
      "resolved": "https://registry.npmjs.org/faye-websocket/-/faye-websocket-0.11.1.tgz",
      "integrity": "sha1-8O/hjE9W5PQK/H4Gxxn9XuYYjzg=",
      "dev": true,
      "requires": {
        "websocket-driver": "0.7.0"
      }
    },
    "fbjs": {
      "version": "0.8.16",
      "resolved": "https://registry.npmjs.org/fbjs/-/fbjs-0.8.16.tgz",
      "integrity": "sha1-XmdDL1UNxBtXK/VYR7ispk5TN9s=",
      "dev": true,
      "requires": {
        "core-js": "1.2.7",
        "isomorphic-fetch": "2.2.1",
        "loose-envify": "1.3.1",
        "object-assign": "4.1.1",
        "promise": "7.3.1",
        "setimmediate": "1.0.5",
        "ua-parser-js": "0.7.18"
      }
    },
    "firebase": {
      "version": "5.0.1",
      "resolved": "https://registry.npmjs.org/firebase/-/firebase-5.0.1.tgz",
      "integrity": "sha512-3WdubrWAVshmC7DwMHPzOfqvF8A6F9jcfX16esQB8ph4nc/ep505NToTtFIUa3lnF7aj29IkGjyf3j2rXAyoBQ==",
      "dev": true,
      "requires": {
        "@firebase/app": "0.3.0",
        "@firebase/auth": "0.5.1",
        "@firebase/database": "0.3.0",
        "@firebase/firestore": "0.5.1",
        "@firebase/functions": "0.2.1",
        "@firebase/messaging": "0.3.1",
        "@firebase/polyfill": "0.3.1",
        "@firebase/storage": "0.2.1",
        "dom-storage": "2.1.0",
        "xmlhttprequest": "1.8.0"
      }
    },
    "fs.realpath": {
      "version": "1.0.0",
      "resolved": "https://registry.npmjs.org/fs.realpath/-/fs.realpath-1.0.0.tgz",
      "integrity": "sha1-FQStJSMVjKpA20onh8sBQRmU6k8=",
      "dev": true
    },
    "glob": {
      "version": "7.1.2",
      "resolved": "https://registry.npmjs.org/glob/-/glob-7.1.2.tgz",
      "integrity": "sha512-MJTUg1kjuLeQCJ+ccE4Vpa6kKVXkPYJ2mOCQyUuKLcLQsdrMCpBPUi8qVE6+YuaJkozeA9NusTAw3hLr8Xe5EQ==",
      "dev": true,
      "requires": {
        "fs.realpath": "1.0.0",
        "inflight": "1.0.6",
        "inherits": "2.0.3",
        "minimatch": "3.0.4",
        "once": "1.4.0",
        "path-is-absolute": "1.0.1"
      }
    },
    "grpc": {
      "version": "1.10.1",
      "resolved": "https://registry.npmjs.org/grpc/-/grpc-1.10.1.tgz",
      "integrity": "sha512-xmhA11h2XhqpSVzDAmoQAYdNQ+swILXpKOiRpAEQ2kX55ioxVADc6v7SkS4zQBxm4klhQHgGqpGKvoL6LGx4VQ==",
      "dev": true,
      "requires": {
        "lodash": "4.17.10",
        "nan": "2.10.0",
        "node-pre-gyp": "0.7.0",
        "protobufjs": "5.0.2"
      },
      "dependencies": {
        "abbrev": {
          "version": "1.1.1",
          "bundled": true,
          "dev": true
        },
        "ajv": {
          "version": "5.5.2",
          "bundled": true,
          "dev": true,
          "requires": {
            "co": "4.6.0",
            "fast-deep-equal": "1.1.0",
            "fast-json-stable-stringify": "2.0.0",
            "json-schema-traverse": "0.3.1"
          }
        },
        "ansi-regex": {
          "version": "2.1.1",
          "bundled": true,
          "dev": true
        },
        "aproba": {
          "version": "1.2.0",
          "bundled": true,
          "dev": true
        },
        "are-we-there-yet": {
          "version": "1.1.4",
          "bundled": true,
          "dev": true,
          "requires": {
            "delegates": "1.0.0",
            "readable-stream": "2.3.5"
          }
        },
        "asn1": {
          "version": "0.2.3",
          "bundled": true,
          "dev": true
        },
        "assert-plus": {
          "version": "1.0.0",
          "bundled": true,
          "dev": true
        },
        "asynckit": {
          "version": "0.4.0",
          "bundled": true,
          "dev": true
        },
        "aws-sign2": {
          "version": "0.7.0",
          "bundled": true,
          "dev": true
        },
        "aws4": {
          "version": "1.6.0",
          "bundled": true,
          "dev": true
        },
        "balanced-match": {
          "version": "1.0.0",
          "bundled": true,
          "dev": true
        },
        "bcrypt-pbkdf": {
          "version": "1.0.1",
          "bundled": true,
          "dev": true,
          "optional": true,
          "requires": {
            "tweetnacl": "0.14.5"
          }
        },
        "block-stream": {
          "version": "0.0.9",
          "bundled": true,
          "dev": true,
          "requires": {
            "inherits": "2.0.3"
          }
        },
        "boom": {
          "version": "4.3.1",
          "bundled": true,
          "dev": true,
          "requires": {
            "hoek": "4.2.1"
          }
        },
        "brace-expansion": {
          "version": "1.1.8",
          "bundled": true,
          "dev": true,
          "requires": {
            "balanced-match": "1.0.0",
            "concat-map": "0.0.1"
          }
        },
        "caseless": {
          "version": "0.12.0",
          "bundled": true,
          "dev": true
        },
        "co": {
          "version": "4.6.0",
          "bundled": true,
          "dev": true
        },
        "code-point-at": {
          "version": "1.1.0",
          "bundled": true,
          "dev": true
        },
        "combined-stream": {
          "version": "1.0.6",
          "bundled": true,
          "dev": true,
          "requires": {
            "delayed-stream": "1.0.0"
          }
        },
        "concat-map": {
          "version": "0.0.1",
          "bundled": true,
          "dev": true
        },
        "console-control-strings": {
          "version": "1.1.0",
          "bundled": true,
          "dev": true
        },
        "core-util-is": {
          "version": "1.0.2",
          "bundled": true,
          "dev": true
        },
        "cryptiles": {
          "version": "3.1.2",
          "bundled": true,
          "dev": true,
          "requires": {
            "boom": "5.2.0"
          },
          "dependencies": {
            "boom": {
              "version": "5.2.0",
              "bundled": true,
              "dev": true,
              "requires": {
                "hoek": "4.2.1"
              }
            }
          }
        },
        "dashdash": {
          "version": "1.14.1",
          "bundled": true,
          "dev": true,
          "requires": {
            "assert-plus": "1.0.0"
          }
        },
        "debug": {
          "version": "2.6.9",
          "bundled": true,
          "dev": true,
          "requires": {
            "ms": "2.0.0"
          }
        },
        "deep-extend": {
          "version": "0.4.2",
          "bundled": true,
          "dev": true
        },
        "delayed-stream": {
          "version": "1.0.0",
          "bundled": true,
          "dev": true
        },
        "delegates": {
          "version": "1.0.0",
          "bundled": true,
          "dev": true
        },
        "detect-libc": {
          "version": "1.0.3",
          "bundled": true,
          "dev": true
        },
        "ecc-jsbn": {
          "version": "0.1.1",
          "bundled": true,
          "dev": true,
          "optional": true,
          "requires": {
            "jsbn": "0.1.1"
          }
        },
        "extend": {
          "version": "3.0.1",
          "bundled": true,
          "dev": true
        },
        "extsprintf": {
          "version": "1.3.0",
          "bundled": true,
          "dev": true
        },
        "fast-deep-equal": {
          "version": "1.1.0",
          "bundled": true,
          "dev": true
        },
        "fast-json-stable-stringify": {
          "version": "2.0.0",
          "bundled": true,
          "dev": true
        },
        "forever-agent": {
          "version": "0.6.1",
          "bundled": true,
          "dev": true
        },
        "form-data": {
          "version": "2.3.2",
          "bundled": true,
          "dev": true,
          "requires": {
            "asynckit": "0.4.0",
            "combined-stream": "1.0.6",
            "mime-types": "2.1.18"
          }
        },
        "fs.realpath": {
          "version": "1.0.0",
          "bundled": true,
          "dev": true
        },
        "fstream": {
          "version": "1.0.11",
          "bundled": true,
          "dev": true,
          "requires": {
            "graceful-fs": "4.1.11",
            "inherits": "2.0.3",
            "mkdirp": "0.5.1",
            "rimraf": "2.6.2"
          }
        },
        "fstream-ignore": {
          "version": "1.0.5",
          "bundled": true,
          "dev": true,
          "requires": {
            "fstream": "1.0.11",
            "inherits": "2.0.3",
            "minimatch": "3.0.4"
          }
        },
        "gauge": {
          "version": "2.7.4",
          "bundled": true,
          "dev": true,
          "requires": {
            "aproba": "1.2.0",
            "console-control-strings": "1.1.0",
            "has-unicode": "2.0.1",
            "object-assign": "4.1.1",
            "signal-exit": "3.0.2",
            "string-width": "1.0.2",
            "strip-ansi": "3.0.1",
            "wide-align": "1.1.2"
          }
        },
        "getpass": {
          "version": "0.1.7",
          "bundled": true,
          "dev": true,
          "requires": {
            "assert-plus": "1.0.0"
          }
        },
        "glob": {
          "version": "7.1.2",
          "bundled": true,
          "dev": true,
          "requires": {
            "fs.realpath": "1.0.0",
            "inflight": "1.0.6",
            "inherits": "2.0.3",
            "minimatch": "3.0.4",
            "once": "1.4.0",
            "path-is-absolute": "1.0.1"
          }
        },
        "graceful-fs": {
          "version": "4.1.11",
          "bundled": true,
          "dev": true
        },
        "har-schema": {
          "version": "2.0.0",
          "bundled": true,
          "dev": true
        },
        "har-validator": {
          "version": "5.0.3",
          "bundled": true,
          "dev": true,
          "requires": {
            "ajv": "5.5.2",
            "har-schema": "2.0.0"
          }
        },
        "has-unicode": {
          "version": "2.0.1",
          "bundled": true,
          "dev": true
        },
        "hawk": {
          "version": "6.0.2",
          "bundled": true,
          "dev": true,
          "requires": {
            "boom": "4.3.1",
            "cryptiles": "3.1.2",
            "hoek": "4.2.1",
            "sntp": "2.1.0"
          }
        },
        "hoek": {
          "version": "4.2.1",
          "bundled": true,
          "dev": true
        },
        "http-signature": {
          "version": "1.2.0",
          "bundled": true,
          "dev": true,
          "requires": {
            "assert-plus": "1.0.0",
            "jsprim": "1.4.1",
            "sshpk": "1.14.1"
          }
        },
        "inflight": {
          "version": "1.0.6",
          "bundled": true,
          "dev": true,
          "requires": {
            "once": "1.4.0",
            "wrappy": "1.0.2"
          }
        },
        "inherits": {
          "version": "2.0.3",
          "bundled": true,
          "dev": true
        },
        "ini": {
          "version": "1.3.5",
          "bundled": true,
          "dev": true
        },
        "is-fullwidth-code-point": {
          "version": "1.0.0",
          "bundled": true,
          "dev": true,
          "requires": {
            "number-is-nan": "1.0.1"
          }
        },
        "is-typedarray": {
          "version": "1.0.0",
          "bundled": true,
          "dev": true
        },
        "isarray": {
          "version": "1.0.0",
          "bundled": true,
          "dev": true
        },
        "isstream": {
          "version": "0.1.2",
          "bundled": true,
          "dev": true
        },
        "jsbn": {
          "version": "0.1.1",
          "bundled": true,
          "dev": true,
          "optional": true
        },
        "json-schema": {
          "version": "0.2.3",
          "bundled": true,
          "dev": true
        },
        "json-schema-traverse": {
          "version": "0.3.1",
          "bundled": true,
          "dev": true
        },
        "json-stringify-safe": {
          "version": "5.0.1",
          "bundled": true,
          "dev": true
        },
        "jsprim": {
          "version": "1.4.1",
          "bundled": true,
          "dev": true,
          "requires": {
            "assert-plus": "1.0.0",
            "extsprintf": "1.3.0",
            "json-schema": "0.2.3",
            "verror": "1.10.0"
          }
        },
        "mime-db": {
          "version": "1.33.0",
          "bundled": true,
          "dev": true
        },
        "mime-types": {
          "version": "2.1.18",
          "bundled": true,
          "dev": true,
          "requires": {
            "mime-db": "1.33.0"
          }
        },
        "minimatch": {
          "version": "3.0.4",
          "bundled": true,
          "dev": true,
          "requires": {
            "brace-expansion": "1.1.8"
          }
        },
        "minimist": {
          "version": "1.2.0",
          "bundled": true,
          "dev": true
        },
        "mkdirp": {
          "version": "0.5.1",
          "bundled": true,
          "dev": true,
          "requires": {
            "minimist": "0.0.8"
          },
          "dependencies": {
            "minimist": {
              "version": "0.0.8",
              "bundled": true,
              "dev": true
            }
          }
        },
        "ms": {
          "version": "2.0.0",
          "bundled": true,
          "dev": true
        },
        "node-pre-gyp": {
          "version": "0.7.0",
          "bundled": true,
          "dev": true,
          "requires": {
            "detect-libc": "1.0.3",
            "mkdirp": "0.5.1",
            "nopt": "4.0.1",
            "npmlog": "4.1.2",
            "rc": "1.2.6",
            "request": "2.83.0",
            "rimraf": "2.6.2",
            "semver": "5.5.0",
            "tar": "2.2.1",
            "tar-pack": "3.4.1"
          }
        },
        "nopt": {
          "version": "4.0.1",
          "bundled": true,
          "dev": true,
          "requires": {
            "abbrev": "1.1.1",
            "osenv": "0.1.5"
          }
        },
        "npmlog": {
          "version": "4.1.2",
          "bundled": true,
          "dev": true,
          "requires": {
            "are-we-there-yet": "1.1.4",
            "console-control-strings": "1.1.0",
            "gauge": "2.7.4",
            "set-blocking": "2.0.0"
          }
        },
        "number-is-nan": {
          "version": "1.0.1",
          "bundled": true,
          "dev": true
        },
        "oauth-sign": {
          "version": "0.8.2",
          "bundled": true,
          "dev": true
        },
        "object-assign": {
          "version": "4.1.1",
          "bundled": true,
          "dev": true
        },
        "once": {
          "version": "1.4.0",
          "bundled": true,
          "dev": true,
          "requires": {
            "wrappy": "1.0.2"
          }
        },
        "os-homedir": {
          "version": "1.0.2",
          "bundled": true,
          "dev": true
        },
        "os-tmpdir": {
          "version": "1.0.2",
          "bundled": true,
          "dev": true
        },
        "osenv": {
          "version": "0.1.5",
          "bundled": true,
          "dev": true,
          "requires": {
            "os-homedir": "1.0.2",
            "os-tmpdir": "1.0.2"
          }
        },
        "path-is-absolute": {
          "version": "1.0.1",
          "bundled": true,
          "dev": true
        },
        "performance-now": {
          "version": "2.1.0",
          "bundled": true,
          "dev": true
        },
        "process-nextick-args": {
          "version": "2.0.0",
          "bundled": true,
          "dev": true
        },
        "punycode": {
          "version": "1.4.1",
          "bundled": true,
          "dev": true
        },
        "qs": {
          "version": "6.5.1",
          "bundled": true,
          "dev": true
        },
        "rc": {
          "version": "1.2.6",
          "bundled": true,
          "dev": true,
          "requires": {
            "deep-extend": "0.4.2",
            "ini": "1.3.5",
            "minimist": "1.2.0",
            "strip-json-comments": "2.0.1"
          }
        },
        "readable-stream": {
          "version": "2.3.5",
          "bundled": true,
          "dev": true,
          "requires": {
            "core-util-is": "1.0.2",
            "inherits": "2.0.3",
            "isarray": "1.0.0",
            "process-nextick-args": "2.0.0",
            "safe-buffer": "5.1.1",
            "string_decoder": "1.0.3",
            "util-deprecate": "1.0.2"
          }
        },
        "request": {
          "version": "2.83.0",
          "bundled": true,
          "dev": true,
          "requires": {
            "aws-sign2": "0.7.0",
            "aws4": "1.6.0",
            "caseless": "0.12.0",
            "combined-stream": "1.0.6",
            "extend": "3.0.1",
            "forever-agent": "0.6.1",
            "form-data": "2.3.2",
            "har-validator": "5.0.3",
            "hawk": "6.0.2",
            "http-signature": "1.2.0",
            "is-typedarray": "1.0.0",
            "isstream": "0.1.2",
            "json-stringify-safe": "5.0.1",
            "mime-types": "2.1.18",
            "oauth-sign": "0.8.2",
            "performance-now": "2.1.0",
            "qs": "6.5.1",
            "safe-buffer": "5.1.1",
            "stringstream": "0.0.5",
            "tough-cookie": "2.3.4",
            "tunnel-agent": "0.6.0",
            "uuid": "3.2.1"
          }
        },
        "rimraf": {
          "version": "2.6.2",
          "bundled": true,
          "dev": true,
          "requires": {
            "glob": "7.1.2"
          }
        },
        "safe-buffer": {
          "version": "5.1.1",
          "bundled": true,
          "dev": true
        },
        "semver": {
          "version": "5.5.0",
          "bundled": true,
          "dev": true
        },
        "set-blocking": {
          "version": "2.0.0",
          "bundled": true,
          "dev": true
        },
        "signal-exit": {
          "version": "3.0.2",
          "bundled": true,
          "dev": true
        },
        "sntp": {
          "version": "2.1.0",
          "bundled": true,
          "dev": true,
          "requires": {
            "hoek": "4.2.1"
          }
        },
        "sshpk": {
          "version": "1.14.1",
          "bundled": true,
          "dev": true,
          "requires": {
            "asn1": "0.2.3",
            "assert-plus": "1.0.0",
            "bcrypt-pbkdf": "1.0.1",
            "dashdash": "1.14.1",
            "ecc-jsbn": "0.1.1",
            "getpass": "0.1.7",
            "jsbn": "0.1.1",
            "tweetnacl": "0.14.5"
          }
        },
        "string-width": {
          "version": "1.0.2",
          "bundled": true,
          "dev": true,
          "requires": {
            "code-point-at": "1.1.0",
            "is-fullwidth-code-point": "1.0.0",
            "strip-ansi": "3.0.1"
          }
        },
        "string_decoder": {
          "version": "1.0.3",
          "bundled": true,
          "dev": true,
          "requires": {
            "safe-buffer": "5.1.1"
          }
        },
        "stringstream": {
          "version": "0.0.5",
          "bundled": true,
          "dev": true
        },
        "strip-ansi": {
          "version": "3.0.1",
          "bundled": true,
          "dev": true,
          "requires": {
            "ansi-regex": "2.1.1"
          }
        },
        "strip-json-comments": {
          "version": "2.0.1",
          "bundled": true,
          "dev": true
        },
        "tar": {
          "version": "2.2.1",
          "bundled": true,
          "dev": true,
          "requires": {
            "block-stream": "0.0.9",
            "fstream": "1.0.11",
            "inherits": "2.0.3"
          }
        },
        "tar-pack": {
          "version": "3.4.1",
          "bundled": true,
          "dev": true,
          "requires": {
            "debug": "2.6.9",
            "fstream": "1.0.11",
            "fstream-ignore": "1.0.5",
            "once": "1.4.0",
            "readable-stream": "2.3.5",
            "rimraf": "2.6.2",
            "tar": "2.2.1",
            "uid-number": "0.0.6"
          }
        },
        "tough-cookie": {
          "version": "2.3.4",
          "bundled": true,
          "dev": true,
          "requires": {
            "punycode": "1.4.1"
          }
        },
        "tunnel-agent": {
          "version": "0.6.0",
          "bundled": true,
          "dev": true,
          "requires": {
            "safe-buffer": "5.1.1"
          }
        },
        "tweetnacl": {
          "version": "0.14.5",
          "bundled": true,
          "dev": true,
          "optional": true
        },
        "uid-number": {
          "version": "0.0.6",
          "bundled": true,
          "dev": true
        },
        "util-deprecate": {
          "version": "1.0.2",
          "bundled": true,
          "dev": true
        },
        "uuid": {
          "version": "3.2.1",
          "bundled": true,
          "dev": true
        },
        "verror": {
          "version": "1.10.0",
          "bundled": true,
          "dev": true,
          "requires": {
            "assert-plus": "1.0.0",
            "core-util-is": "1.0.2",
            "extsprintf": "1.3.0"
          }
        },
        "wide-align": {
          "version": "1.1.2",
          "bundled": true,
          "dev": true,
          "requires": {
            "string-width": "1.0.2"
          }
        },
        "wrappy": {
          "version": "1.0.2",
          "bundled": true,
          "dev": true
        }
      }
    },
    "http-parser-js": {
      "version": "0.4.12",
      "resolved": "https://registry.npmjs.org/http-parser-js/-/http-parser-js-0.4.12.tgz",
      "integrity": "sha1-uc+/Sizybw/DSxDKFImid3HjR08=",
      "dev": true
    },
    "iconv-lite": {
      "version": "0.4.23",
      "resolved": "https://registry.npmjs.org/iconv-lite/-/iconv-lite-0.4.23.tgz",
      "integrity": "sha512-neyTUVFtahjf0mB3dZT77u+8O0QB89jFdnBkd5P1JgYPbPaia3gXXOVL2fq8VyU2gMMD7SaN7QukTB/pmXYvDA==",
      "dev": true,
      "requires": {
        "safer-buffer": "2.1.2"
      }
    },
    "inflight": {
      "version": "1.0.6",
      "resolved": "https://registry.npmjs.org/inflight/-/inflight-1.0.6.tgz",
      "integrity": "sha1-Sb1jMdfQLQwJvJEKEHW6gWW1bfk=",
      "dev": true,
      "requires": {
        "once": "1.4.0",
        "wrappy": "1.0.2"
      }
    },
    "inherits": {
      "version": "2.0.3",
      "resolved": "https://registry.npmjs.org/inherits/-/inherits-2.0.3.tgz",
      "integrity": "sha1-Yzwsg+PaQqUC9SRmAiSA9CCCYd4=",
      "dev": true
    },
    "invert-kv": {
      "version": "1.0.0",
      "resolved": "https://registry.npmjs.org/invert-kv/-/invert-kv-1.0.0.tgz",
      "integrity": "sha1-EEqOSqym09jNFXqO+L+rLXo//bY=",
      "dev": true
    },
    "is-fullwidth-code-point": {
      "version": "1.0.0",
      "resolved": "https://registry.npmjs.org/is-fullwidth-code-point/-/is-fullwidth-code-point-1.0.0.tgz",
      "integrity": "sha1-754xOG8DGn8NZDr4L95QxFfvAMs=",
      "dev": true,
      "requires": {
        "number-is-nan": "1.0.1"
      }
    },
    "is-stream": {
      "version": "1.1.0",
      "resolved": "https://registry.npmjs.org/is-stream/-/is-stream-1.1.0.tgz",
      "integrity": "sha1-EtSj3U5o4Lec6428hBc66A2RykQ=",
      "dev": true
    },
    "isomorphic-fetch": {
      "version": "2.2.1",
      "resolved": "https://registry.npmjs.org/isomorphic-fetch/-/isomorphic-fetch-2.2.1.tgz",
      "integrity": "sha1-YRrhrPFPXoH3KVB0coGf6XM1WKk=",
      "dev": true,
      "requires": {
        "node-fetch": "1.7.3",
        "whatwg-fetch": "2.0.4"
      }
    },
    "js-tokens": {
      "version": "3.0.2",
      "resolved": "https://registry.npmjs.org/js-tokens/-/js-tokens-3.0.2.tgz",
      "integrity": "sha1-mGbfOVECEw449/mWvOtlRDIJwls=",
      "dev": true
    },
    "lcid": {
      "version": "1.0.0",
      "resolved": "https://registry.npmjs.org/lcid/-/lcid-1.0.0.tgz",
      "integrity": "sha1-MIrMr6C8SDo4Z7S28rlQYlHRuDU=",
      "dev": true,
      "requires": {
        "invert-kv": "1.0.0"
      }
    },
    "lodash": {
      "version": "4.17.10",
      "resolved": "https://registry.npmjs.org/lodash/-/lodash-4.17.10.tgz",
      "integrity": "sha512-UejweD1pDoXu+AD825lWwp4ZGtSwgnpZxb3JDViD7StjQz+Nb/6l093lx4OQ0foGWNRoc19mWy7BzL+UAK2iVg==",
      "dev": true
    },
    "long": {
      "version": "3.2.0",
      "resolved": "https://registry.npmjs.org/long/-/long-3.2.0.tgz",
      "integrity": "sha1-2CG3E4yhy1gcFymQ7xTbIAtcR0s=",
      "dev": true
    },
    "loose-envify": {
      "version": "1.3.1",
      "resolved": "https://registry.npmjs.org/loose-envify/-/loose-envify-1.3.1.tgz",
      "integrity": "sha1-0aitM/qc4OcT1l/dCsi3SNR4yEg=",
      "dev": true,
      "requires": {
        "js-tokens": "3.0.2"
      }
    },
    "minimatch": {
      "version": "3.0.4",
      "resolved": "https://registry.npmjs.org/minimatch/-/minimatch-3.0.4.tgz",
      "integrity": "sha512-yJHVQEhyqPLUTgt9B83PXu6W3rx4MvvHvSUvToogpwoGDOUQ+yDrR0HRot+yOCdCO7u4hX3pWft6kWBBcqh0UA==",
      "dev": true,
      "requires": {
        "brace-expansion": "1.1.11"
      }
    },
    "nan": {
      "version": "2.10.0",
      "resolved": "https://registry.npmjs.org/nan/-/nan-2.10.0.tgz",
      "integrity": "sha512-bAdJv7fBLhWC+/Bls0Oza+mvTaNQtP+1RyhhhvD95pgUJz6XM5IzgmxOkItJ9tkoCiplvAnXI1tNmmUD/eScyA==",
      "dev": true
    },
    "node-fetch": {
      "version": "1.7.3",
      "resolved": "https://registry.npmjs.org/node-fetch/-/node-fetch-1.7.3.tgz",
      "integrity": "sha512-NhZ4CsKx7cYm2vSrBAr2PvFOe6sWDf0UYLRqA6svUYg7+/TSfVAu49jYC4BvQ4Sms9SZgdqGBgroqfDhJdTyKQ==",
      "dev": true,
      "requires": {
        "encoding": "0.1.12",
        "is-stream": "1.1.0"
      }
    },
    "number-is-nan": {
      "version": "1.0.1",
      "resolved": "https://registry.npmjs.org/number-is-nan/-/number-is-nan-1.0.1.tgz",
      "integrity": "sha1-CXtgK1NCKlIsGvuHkDGDNpQaAR0=",
      "dev": true
    },
    "object-assign": {
      "version": "4.1.1",
      "resolved": "https://registry.npmjs.org/object-assign/-/object-assign-4.1.1.tgz",
      "integrity": "sha1-IQmtx5ZYh8/AXLvUQsrIv7s2CGM=",
      "dev": true
    },
    "once": {
      "version": "1.4.0",
      "resolved": "https://registry.npmjs.org/once/-/once-1.4.0.tgz",
      "integrity": "sha1-WDsap3WWHUsROsF9nFC6753Xa9E=",
      "dev": true,
      "requires": {
        "wrappy": "1.0.2"
      }
    },
    "optjs": {
      "version": "3.2.2",
      "resolved": "https://registry.npmjs.org/optjs/-/optjs-3.2.2.tgz",
      "integrity": "sha1-aabOicRCpEQDFBrS+bNwvVu29O4=",
      "dev": true
    },
    "os-locale": {
      "version": "1.4.0",
      "resolved": "https://registry.npmjs.org/os-locale/-/os-locale-1.4.0.tgz",
      "integrity": "sha1-IPnxeuKe00XoveWDsT0gCYA8FNk=",
      "dev": true,
      "requires": {
        "lcid": "1.0.0"
      }
    },
    "path-is-absolute": {
      "version": "1.0.1",
      "resolved": "https://registry.npmjs.org/path-is-absolute/-/path-is-absolute-1.0.1.tgz",
      "integrity": "sha1-F0uSaHNVNP+8es5r9TpanhtcX18=",
      "dev": true
    },
    "promise": {
      "version": "7.3.1",
      "resolved": "https://registry.npmjs.org/promise/-/promise-7.3.1.tgz",
      "integrity": "sha512-nolQXZ/4L+bP/UGlkfaIujX9BKxGwmQ9OT4mOt5yvy8iK1h3wqTEJCijzGANTCCl9nWjY41juyAn2K3Q1hLLTg==",
      "dev": true,
      "requires": {
        "asap": "2.0.6"
      }
    },
    "promise-polyfill": {
      "version": "7.1.2",
      "resolved": "https://registry.npmjs.org/promise-polyfill/-/promise-polyfill-7.1.2.tgz",
      "integrity": "sha512-FuEc12/eKqqoRYIGBrUptCBRhobL19PS2U31vMNTfyck1FxPyMfgsXyW4Mav85y/ZN1hop3hOwRlUDok23oYfQ==",
      "dev": true
    },
    "prop-types": {
      "version": "15.6.1",
      "resolved": "https://registry.npmjs.org/prop-types/-/prop-types-15.6.1.tgz",
      "integrity": "sha512-4ec7bY1Y66LymSUOH/zARVYObB23AT2h8cf6e/O6ZALB/N0sqZFEx7rq6EYPX2MkOdKORuooI/H5k9TlR4q7kQ==",
      "dev": true,
      "requires": {
        "fbjs": "0.8.16",
        "loose-envify": "1.3.1",
        "object-assign": "4.1.1"
      }
    },
    "protobufjs": {
      "version": "5.0.2",
      "resolved": "https://registry.npmjs.org/protobufjs/-/protobufjs-5.0.2.tgz",
      "integrity": "sha1-WXSNfc8D0tsiwT2p/rAk4Wq4DJE=",
      "dev": true,
      "requires": {
        "ascli": "1.0.1",
        "bytebuffer": "5.0.1",
        "glob": "7.1.2",
        "yargs": "3.32.0"
      }
    },
    "react": {
      "version": "16.3.2",
      "resolved": "https://registry.npmjs.org/react/-/react-16.3.2.tgz",
      "integrity": "sha512-o5GPdkhciQ3cEph6qgvYB7LTOHw/GB0qRI6ZFNugj49qJCFfgHwVNjZ5u+b7nif4vOeMIOuYj3CeYe2IBD74lg==",
      "dev": true,
      "requires": {
        "fbjs": "0.8.16",
        "loose-envify": "1.3.1",
        "object-assign": "4.1.1",
        "prop-types": "15.6.1"
      }
    },
    "react-dom": {
      "version": "16.3.2",
      "resolved": "https://registry.npmjs.org/react-dom/-/react-dom-16.3.2.tgz",
      "integrity": "sha512-MMPko3zYncNrz/7gG17wJWUREZDvskZHXOwbttzl0F0L3wDmToyuETuo/r8Y5yvDejwYcRyWI1lvVBjLJWFwKA==",
      "dev": true,
      "requires": {
        "fbjs": "0.8.16",
        "loose-envify": "1.3.1",
        "object-assign": "4.1.1",
        "prop-types": "15.6.1"
      }
    },
    "safer-buffer": {
      "version": "2.1.2",
      "resolved": "https://registry.npmjs.org/safer-buffer/-/safer-buffer-2.1.2.tgz",
      "integrity": "sha512-YZo3K82SD7Riyi0E1EQPojLz7kpepnSQI9IyPbHHg1XXXevb5dJI7tpyN2ADxGcQbHG7vcyRHk0cbwqcQriUtg==",
      "dev": true
    },
    "setimmediate": {
      "version": "1.0.5",
      "resolved": "https://registry.npmjs.org/setimmediate/-/setimmediate-1.0.5.tgz",
      "integrity": "sha1-KQy7Iy4waULX1+qbg3Mqt4VvgoU=",
      "dev": true
    },
    "string-width": {
      "version": "1.0.2",
      "resolved": "https://registry.npmjs.org/string-width/-/string-width-1.0.2.tgz",
      "integrity": "sha1-EYvfW4zcUaKn5w0hHgfisLmxB9M=",
      "dev": true,
      "requires": {
        "code-point-at": "1.1.0",
        "is-fullwidth-code-point": "1.0.0",
        "strip-ansi": "3.0.1"
      }
    },
    "strip-ansi": {
      "version": "3.0.1",
      "resolved": "https://registry.npmjs.org/strip-ansi/-/strip-ansi-3.0.1.tgz",
      "integrity": "sha1-ajhfuIU9lS1f8F0Oiq+UJ43GPc8=",
      "dev": true,
      "requires": {
        "ansi-regex": "2.1.1"
      }
    },
    "tslib": {
      "version": "1.9.0",
      "resolved": "https://registry.npmjs.org/tslib/-/tslib-1.9.0.tgz",
      "integrity": "sha512-f/qGG2tUkrISBlQZEjEqoZ3B2+npJjIf04H1wuAv9iA8i04Icp+61KRXxFdha22670NJopsZCIjhC3SnjPRKrQ==",
      "dev": true
    },
    "typescript": {
      "version": "2.8.3",
      "resolved": "https://registry.npmjs.org/typescript/-/typescript-2.8.3.tgz",
      "integrity": "sha512-K7g15Bb6Ra4lKf7Iq2l/I5/En+hLIHmxWZGq3D4DIRNFxMNV6j2SHSvDOqs2tGd4UvD/fJvrwopzQXjLrT7Itw==",
      "dev": true
    },
    "ua-parser-js": {
      "version": "0.7.18",
      "resolved": "https://registry.npmjs.org/ua-parser-js/-/ua-parser-js-0.7.18.tgz",
      "integrity": "sha512-LtzwHlVHwFGTptfNSgezHp7WUlwiqb0gA9AALRbKaERfxwJoiX0A73QbTToxteIAuIaFshhgIZfqK8s7clqgnA==",
      "dev": true
    },
    "websocket-driver": {
      "version": "0.7.0",
      "resolved": "https://registry.npmjs.org/websocket-driver/-/websocket-driver-0.7.0.tgz",
      "integrity": "sha1-DK+dLXVdk67gSdS90NP+LMoqJOs=",
      "dev": true,
      "requires": {
        "http-parser-js": "0.4.12",
        "websocket-extensions": "0.1.3"
      }
    },
    "websocket-extensions": {
      "version": "0.1.3",
      "resolved": "https://registry.npmjs.org/websocket-extensions/-/websocket-extensions-0.1.3.tgz",
      "integrity": "sha512-nqHUnMXmBzT0w570r2JpJxfiSD1IzoI+HGVdd3aZ0yNi3ngvQ4jv1dtHt5VGxfI2yj5yqImPhOK4vmIh2xMbGg==",
      "dev": true
    },
    "whatwg-fetch": {
      "version": "2.0.4",
      "resolved": "https://registry.npmjs.org/whatwg-fetch/-/whatwg-fetch-2.0.4.tgz",
      "integrity": "sha512-dcQ1GWpOD/eEQ97k66aiEVpNnapVj90/+R+SXTPYGHpYBBypfKJEQjLrvMZ7YXbKm21gXd4NcuxUTjiv1YtLng==",
      "dev": true
    },
    "window-size": {
      "version": "0.1.4",
      "resolved": "https://registry.npmjs.org/window-size/-/window-size-0.1.4.tgz",
      "integrity": "sha1-+OGqHuWlPsW/FR/6CXQqatdpeHY=",
      "dev": true
    },
    "wrap-ansi": {
      "version": "2.1.0",
      "resolved": "https://registry.npmjs.org/wrap-ansi/-/wrap-ansi-2.1.0.tgz",
      "integrity": "sha1-2Pw9KE3QV5T+hJc8rs3Rz4JP3YU=",
      "dev": true,
      "requires": {
        "string-width": "1.0.2",
        "strip-ansi": "3.0.1"
      }
    },
    "wrappy": {
      "version": "1.0.2",
      "resolved": "https://registry.npmjs.org/wrappy/-/wrappy-1.0.2.tgz",
      "integrity": "sha1-tSQ9jz7BqjXxNkYFvA0QNuMKtp8=",
      "dev": true
    },
    "xmlhttprequest": {
      "version": "1.8.0",
      "resolved": "https://registry.npmjs.org/xmlhttprequest/-/xmlhttprequest-1.8.0.tgz",
      "integrity": "sha1-Z/4HXFwk/vOfnWX197f+dRcZaPw=",
      "dev": true
    },
    "y18n": {
      "version": "3.2.1",
      "resolved": "https://registry.npmjs.org/y18n/-/y18n-3.2.1.tgz",
      "integrity": "sha1-bRX7qITAhnnA136I53WegR4H+kE=",
      "dev": true
    },
    "yargs": {
      "version": "3.32.0",
      "resolved": "https://registry.npmjs.org/yargs/-/yargs-3.32.0.tgz",
      "integrity": "sha1-AwiOnr+edWtpdRYR0qXvWRSCyZU=",
      "dev": true,
      "requires": {
        "camelcase": "2.1.1",
        "cliui": "3.2.0",
        "decamelize": "1.2.0",
        "os-locale": "1.4.0",
        "string-width": "1.0.2",
        "window-size": "0.1.4",
        "y18n": "3.2.1"
      }
    }
  }
}
